Microsoft Visual Studio Solution File, Format Version 11.00
# Visual Studio 2008

Project("{276D4408-FC94-1CCD-A39A-23463116CC28}") = "Holster", "Assembly-CSharp.csproj", "{411F52E1-E988-C9A8-F198-EE1721BA850A}"
EndProject
Project("{276D4408-FC94-1CCD-A39A-23463116CC28}") = "Holster", "Assembly-CSharp-Editor.csproj", "{CA80281D-FAC7-BC5A-4229-709E95FD84D8}"
EndProject
Global
	GlobalSection(SolutionConfigurationPlatforms) = preSolution
		Debug|Any CPU = Debug|Any CPU
		Release|Any CPU = Release|Any CPU
	EndGlobalSection
	GlobalSection(ProjectConfigurationPlatforms) = postSolution
		{411F52E1-E988-C9A8-F198-EE1721BA850A}.Debug|Any CPU.ActiveCfg = Debug|Any CPU
		{411F52E1-E988-C9A8-F198-EE1721BA850A}.Debug|Any CPU.Build.0 = Debug|Any CPU
		{411F52E1-E988-C9A8-F198-EE1721BA850A}.Release|Any CPU.ActiveCfg = Release|Any CPU
		{411F52E1-E988-C9A8-F198-EE1721BA850A}.Release|Any CPU.Build.0 = Release|Any CPU
		{CA80281D-FAC7-BC5A-4229-709E95FD84D8}.Debug|Any CPU.ActiveCfg = Debug|Any CPU
		{CA80281D-FAC7-BC5A-4229-709E95FD84D8}.Debug|Any CPU.Build.0 = Debug|Any CPU
		{CA80281D-FAC7-BC5A-4229-709E95FD84D8}.Release|Any CPU.ActiveCfg = Release|Any CPU
		{CA80281D-FAC7-BC5A-4229-709E95FD84D8}.Release|Any CPU.Build.0 = Release|Any CPU
	EndGlobalSection
	GlobalSection(SolutionProperties) = preSolution
		HideSolutionNode = FALSE
	EndGlobalSection
	GlobalSection(MonoDevelopProperties) = preSolution
		StartupItem = Assembly-CSharp.csproj
	EndGlobalSection
EndGlobal
